{
  "name": "telegram-dating-bot",
  "version": "1.0.0",
  "lockfileVersion": 3,
  "requires": true,
  "packages": {
    "": {
      "name": "telegram-dating-bot",
      "version": "1.0.0",
      "license": "MIT",
      "dependencies": {
        "node-telegram-bot-api": "^0.61.0",
        "express": "^4.19.2",
        "node-fetch": "^3.3.2"
      }
    }
  }
}